
Microsoft Visual Studio Solution File, Format Version 12.00
# Visual Studio Version 17
VisualStudioVersion = 17.0.32112.339
MinimumVisualStudioVersion = 10.0.40219.1
Project("{FAE04EC0-301F-11D3-BF4B-00C04F79EFBC}") = "ConsoleApp2", "ConsoleApp2\ConsoleApp2.csproj", "{78C5344E-8D42-4E76-84C0-F960AED654B5}"
EndProject
Global
	GlobalSection(SolutionConfigurationPlatforms) = preSolution
		Debug|Any CPU = Debug|Any CPU
		Release|Any CPU = Release|Any CPU
	EndGlobalSection
	GlobalSection(ProjectConfigurationPlatforms) = postSolution
		{78C5344E-8D42-4E76-84C0-F960AED654B5}.Debug|Any CPU.ActiveCfg = Debug|Any CPU
		{78C5344E-8D42-4E76-84C0-F960AED654B5}.Debug|Any CPU.Build.0 = Debug|Any CPU
		{78C5344E-8D42-4E76-84C0-F960AED654B5}.Release|Any CPU.ActiveCfg = Release|Any CPU
		{78C5344E-8D42-4E76-84C0-F960AED654B5}.Release|Any CPU.Build.0 = Release|Any CPU
	EndGlobalSection
	GlobalSection(SolutionProperties) = preSolution
		HideSolutionNode = FALSE
	EndGlobalSection
	GlobalSection(ExtensibilityGlobals) = postSolution
		SolutionGuid = {D8496BD6-5106-49C0-98AF-D7447ECA47A4}
	EndGlobalSection
EndGlobal
